
Microsoft Visual Studio Solution File, Format Version 12.00
# Visual Studio Version 17
VisualStudioVersion = 17.3.32922.545
MinimumVisualStudioVersion = 10.0.40219.1
Project("{FAE04EC0-301F-11D3-BF4B-00C04F79EFBC}") = "EBookApp", "EBookApp\EBookApp.csproj", "{88FF30EE-096B-4410-A413-1B336D336B59}"
EndProject
Global
	GlobalSection(SolutionConfigurationPlatforms) = preSolution
		Debug|Any CPU = Debug|Any CPU
		Release|Any CPU = Release|Any CPU
	EndGlobalSection
	GlobalSection(ProjectConfigurationPlatforms) = postSolution
		{88FF30EE-096B-4410-A413-1B336D336B59}.Debug|Any CPU.ActiveCfg = Debug|Any CPU
		{88FF30EE-096B-4410-A413-1B336D336B59}.Debug|Any CPU.Build.0 = Debug|Any CPU
		{88FF30EE-096B-4410-A413-1B336D336B59}.Release|Any CPU.ActiveCfg = Release|Any CPU
		{88FF30EE-096B-4410-A413-1B336D336B59}.Release|Any CPU.Build.0 = Release|Any CPU
	EndGlobalSection
	GlobalSection(SolutionProperties) = preSolution
		HideSolutionNode = FALSE
	EndGlobalSection
	GlobalSection(ExtensibilityGlobals) = postSolution
		SolutionGuid = {82DAA9B4-2D6C-4FCF-A199-5F7E408B664A}
	EndGlobalSection
EndGlobal
